
Microsoft Visual Studio Solution File, Format Version 12.00
# Visual Studio Version 16
VisualStudioVersion = 16.0.31005.135
MinimumVisualStudioVersion = 10.0.40219.1
Project("{FAE04EC0-301F-11D3-BF4B-00C04F79EFBC}") = "ProjectArrayList", "ProjectArrayList\ProjectArrayList.csproj", "{B8333E5A-6023-42C7-B1D8-B20774B73DB9}"
EndProject
Global
	GlobalSection(SolutionConfigurationPlatforms) = preSolution
		Debug|Any CPU = Debug|Any CPU
		Release|Any CPU = Release|Any CPU
	EndGlobalSection
	GlobalSection(ProjectConfigurationPlatforms) = postSolution
		{B8333E5A-6023-42C7-B1D8-B20774B73DB9}.Debug|Any CPU.ActiveCfg = Debug|Any CPU
		{B8333E5A-6023-42C7-B1D8-B20774B73DB9}.Debug|Any CPU.Build.0 = Debug|Any CPU
		{B8333E5A-6023-42C7-B1D8-B20774B73DB9}.Release|Any CPU.ActiveCfg = Release|Any CPU
		{B8333E5A-6023-42C7-B1D8-B20774B73DB9}.Release|Any CPU.Build.0 = Release|Any CPU
	EndGlobalSection
	GlobalSection(SolutionProperties) = preSolution
		HideSolutionNode = FALSE
	EndGlobalSection
	GlobalSection(ExtensibilityGlobals) = postSolution
		SolutionGuid = {351A78E0-6C8C-4112-8270-4F356E222C5B}
	EndGlobalSection
EndGlobal
